
Microsoft Visual Studio Solution File, Format Version 12.00
# Visual Studio Version 16
VisualStudioVersion = 16.0.29424.173
MinimumVisualStudioVersion = 10.0.40219.1
Project("{9A19103F-16F7-4668-BE54-9A1E7A4F7556}") = "AutoLotAPI_Core2", "AutoLotAPI_Core2\AutoLotAPI_Core2.csproj", "{ABA7EEE0-E888-4989-8036-60006944DFB2}"
EndProject
Project("{9A19103F-16F7-4668-BE54-9A1E7A4F7556}") = "AutoLotDAL_Core2", "AutoLotDAL_Core2\AutoLotDAL_Core2.csproj", "{ACCADC92-300B-444B-8CB3-5C285DC57FA3}"
EndProject
Project("{9A19103F-16F7-4668-BE54-9A1E7A4F7556}") = "AutoLotDAL_Core2.Models", "AutoLotDAL_Core2.Models\AutoLotDAL_Core2.Models.csproj", "{83F3026C-6247-4C6A-9BAC-6101373DE6B8}"
EndProject
Project("{9A19103F-16F7-4668-BE54-9A1E7A4F7556}") = "AutoLotMVC_Core2", "AutoLotMVC_Core2\AutoLotMVC_Core2.csproj", "{B7CA61C2-AEFA-4D3B-A0FD-6B3D5BE1CFC9}"
EndProject
Global
	GlobalSection(SolutionConfigurationPlatforms) = preSolution
		Debug|Any CPU = Debug|Any CPU
		Release|Any CPU = Release|Any CPU
	EndGlobalSection
	GlobalSection(ProjectConfigurationPlatforms) = postSolution
		{ABA7EEE0-E888-4989-8036-60006944DFB2}.Debug|Any CPU.ActiveCfg = Debug|Any CPU
		{ABA7EEE0-E888-4989-8036-60006944DFB2}.Debug|Any CPU.Build.0 = Debug|Any CPU
		{ABA7EEE0-E888-4989-8036-60006944DFB2}.Release|Any CPU.ActiveCfg = Release|Any CPU
		{ABA7EEE0-E888-4989-8036-60006944DFB2}.Release|Any CPU.Build.0 = Release|Any CPU
		{ACCADC92-300B-444B-8CB3-5C285DC57FA3}.Debug|Any CPU.ActiveCfg = Debug|Any CPU
		{ACCADC92-300B-444B-8CB3-5C285DC57FA3}.Debug|Any CPU.Build.0 = Debug|Any CPU
		{ACCADC92-300B-444B-8CB3-5C285DC57FA3}.Release|Any CPU.ActiveCfg = Release|Any CPU
		{ACCADC92-300B-444B-8CB3-5C285DC57FA3}.Release|Any CPU.Build.0 = Release|Any CPU
		{83F3026C-6247-4C6A-9BAC-6101373DE6B8}.Debug|Any CPU.ActiveCfg = Debug|Any CPU
		{83F3026C-6247-4C6A-9BAC-6101373DE6B8}.Debug|Any CPU.Build.0 = Debug|Any CPU
		{83F3026C-6247-4C6A-9BAC-6101373DE6B8}.Release|Any CPU.ActiveCfg = Release|Any CPU
		{83F3026C-6247-4C6A-9BAC-6101373DE6B8}.Release|Any CPU.Build.0 = Release|Any CPU
		{B7CA61C2-AEFA-4D3B-A0FD-6B3D5BE1CFC9}.Debug|Any CPU.ActiveCfg = Debug|Any CPU
		{B7CA61C2-AEFA-4D3B-A0FD-6B3D5BE1CFC9}.Debug|Any CPU.Build.0 = Debug|Any CPU
		{B7CA61C2-AEFA-4D3B-A0FD-6B3D5BE1CFC9}.Release|Any CPU.ActiveCfg = Release|Any CPU
		{B7CA61C2-AEFA-4D3B-A0FD-6B3D5BE1CFC9}.Release|Any CPU.Build.0 = Release|Any CPU
	EndGlobalSection
	GlobalSection(SolutionProperties) = preSolution
		HideSolutionNode = FALSE
	EndGlobalSection
	GlobalSection(ExtensibilityGlobals) = postSolution
		SolutionGuid = {FD9A21EE-D091-4B62-86ED-108F04BDB6BE}
	EndGlobalSection
EndGlobal
